
Microsoft Visual Studio Solution File, Format Version 12.00
# Visual Studio Version 17
VisualStudioVersion = 17.3.32606.499
MinimumVisualStudioVersion = 10.0.40219.1
Project("{2150E333-8FDC-42A3-9474-1A3956D46DE8}") = "Solution Items", "Solution Items", "{2D5A1621-063C-4FEA-B3F9-9E3B4ED83699}"
	ProjectSection(SolutionItems) = preProject
		.editorconfig = .editorconfig
		.gitattributes = .gitattributes
		.gitignore = .gitignore
		CodeStyle.targets = CodeStyle.targets
		Directory.Build.props = Directory.Build.props
		Directory.Build.targets = Directory.Build.targets
		Shipping.ruleset = Shipping.ruleset
		stylecop.json = stylecop.json
	EndProjectSection
EndProject
Project("{9A19103F-16F7-4668-BE54-9A1E7A4F7556}") = "DarcUI", "src\WinForms\DarcUI.csproj", "{2AB73567-2983-477B-9226-5D5DE7EA556D}"
EndProject
Project("{FAE04EC0-301F-11D3-BF4B-00C04F79EFBC}") = "Shared", "src\Shared\Shared.csproj", "{88871BE2-B484-4B7C-9458-4523D2353A3F}"
EndProject
Global
	GlobalSection(SolutionConfigurationPlatforms) = preSolution
		Debug|Any CPU = Debug|Any CPU
		Release|Any CPU = Release|Any CPU
	EndGlobalSection
	GlobalSection(ProjectConfigurationPlatforms) = postSolution
		{2AB73567-2983-477B-9226-5D5DE7EA556D}.Debug|Any CPU.ActiveCfg = Debug|Any CPU
		{2AB73567-2983-477B-9226-5D5DE7EA556D}.Debug|Any CPU.Build.0 = Debug|Any CPU
		{2AB73567-2983-477B-9226-5D5DE7EA556D}.Release|Any CPU.ActiveCfg = Release|Any CPU
		{2AB73567-2983-477B-9226-5D5DE7EA556D}.Release|Any CPU.Build.0 = Release|Any CPU
		{88871BE2-B484-4B7C-9458-4523D2353A3F}.Debug|Any CPU.ActiveCfg = Debug|Any CPU
		{88871BE2-B484-4B7C-9458-4523D2353A3F}.Debug|Any CPU.Build.0 = Debug|Any CPU
		{88871BE2-B484-4B7C-9458-4523D2353A3F}.Release|Any CPU.ActiveCfg = Release|Any CPU
		{88871BE2-B484-4B7C-9458-4523D2353A3F}.Release|Any CPU.Build.0 = Release|Any CPU
	EndGlobalSection
	GlobalSection(SolutionProperties) = preSolution
		HideSolutionNode = FALSE
	EndGlobalSection
	GlobalSection(ExtensibilityGlobals) = postSolution
		SolutionGuid = {00AB3983-5959-44F3-B0A7-F42C9A512E2B}
	EndGlobalSection
EndGlobal
